// !$*UTF8*$!
{
	archiveVersion = 1;
	classes = {
	};
	objectVersion = 77;
	objects = {

/* Begin PBXContainerItemProxy section */
		251AD8862D4442EA0082DD5E /* PBXContainerItemProxy */ = {
			isa = PBXContainerItemProxy;
			containerPortal = 251AD86C2D4442E90082DD5E /* Project object */;
			proxyType = 1;
			remoteGlobalIDString = 251AD8732D4442E90082DD5E;
			remoteInfo = AirplayInst;
		};
		251AD8902D4442EA0082DD5E /* PBXContainerItemProxy */ = {
			isa = PBXContainerItemProxy;
			containerPortal = 251AD86C2D4442E90082DD5E /* Project object */;
			proxyType = 1;
			remoteGlobalIDString = 251AD8732D4442E90082DD5E;
			remoteInfo = AirplayInst;
		};
/* End PBXContainerItemProxy section */

/* Begin PBXFileReference section */
		251AD8742D4442E90082DD5E /* AirplayInst.app */ = {isa = PBXFileReference; explicitFileType = wrapper.application; includeInIndex = 0; path = AirplayInst.app; sourceTree = BUILT_PRODUCTS_DIR; };
		251AD8852D4442EA0082DD5E /* AirplayInstTests.xctest */ = {isa = PBXFileReference; explicitFileType = wrapper.cfbundle; includeInIndex = 0; path = AirplayInstTests.xctest; sourceTree = BUILT_PRODUCTS_DIR; };
		251AD88F2D4442EA0082DD5E /* AirplayInstUITests.xctest */ = {isa = PBXFileReference; explicitFileType = wrapper.cfbundle; includeInIndex = 0; path = AirplayInstUITests.xctest; sourceTree = BUILT_PRODUCTS_DIR; };
/* End PBXFileReference section */

/* Begin PBXFileSystemSynchronizedRootGroup section */
		251AD8762D4442E90082DD5E /* AirplayInst */ = {
			isa = PBXFileSystemSynchronizedRootGroup;
			path = AirplayInst;
			sourceTree = "<group>";
		};
		251AD8882D4442EA0082DD5E /* AirplayInstTests */ = {
			isa = PBXFileSystemSynchronizedRootGroup;
			path = AirplayInstTests;
			sourceTree = "<group>";
		};
		251AD8922D4442EA0082DD5E /* AirplayInstUITests */ = {
			isa = PBXFileSystemSynchronizedRootGroup;
			path = AirplayInstUITests;
			sourceTree = "<group>";
		};
/* End PBXFileSystemSynchronizedRootGroup section */

/* Begin PBXFrameworksBuildPhase section */
		251AD8712D4442E90082DD5E /* Frameworks */ = {
			isa = PBXFrameworksBuildPhase;
			buildActionMask = 2147483647;
			files = (
			);
			runOnlyForDeploymentPostprocessing = 0;
		};
		251AD8822D4442EA0082DD5E /* Frameworks */ = {
			isa = PBXFrameworksBuildPhase;
			buildActionMask = 2147483647;
			files = (
			);
			runOnlyForDeploymentPostprocessing = 0;
		};
		251AD88C2D4442EA0082DD5E /* Frameworks */ = {
			isa = PBXFrameworksBuildPhase;
			buildActionMask = 2147483647;
			files = (
			);
			runOnlyForDeploymentPostprocessing = 0;
		};
/* End PBXFrameworksBuildPhase section */

/* Begin PBXGroup section */
		251AD86B2D4442E90082DD5E = {
			isa = PBXGroup;
			children = (
				251AD8762D4442E90082DD5E /* AirplayInst */,
				251AD8882D4442EA0082DD5E /* AirplayInstTests */,
				251AD8922D4442EA0082DD5E /* AirplayInstUITests */,
				251AD8752D4442E90082DD5E /* Products */,
			);
			sourceTree = "<group>";
		};
		251AD8752D4442E90082DD5E /* Products */ = {
			isa = PBXGroup;
			children = (
				251AD8742D4442E90082DD5E /* AirplayInst.app */,
				251AD8852D4442EA0082DD5E /* AirplayInstTests.xctest */,
				251AD88F2D4442EA0082DD5E /* AirplayInstUITests.xctest */,
			);
			name = Products;
			sourceTree = "<group>";
		};
/* End PBXGroup section */

/* Begin PBXNativeTarget section */
		251AD8732D4442E90082DD5E /* AirplayInst */ = {
			isa = PBXNativeTarget;
			buildConfigurationList = 251AD8992D4442EA0082DD5E /* Build configuration list for PBXNativeTarget "AirplayInst" */;
			buildPhases = (
				251AD8702D4442E90082DD5E /* Sources */,
				251AD8712D4442E90082DD5E /* Frameworks */,
				251AD8722D4442E90082DD5E /* Resources */,
			);
			buildRules = (
			);
			dependencies = (
			);
			fileSystemSynchronizedGroups = (
				251AD8762D4442E90082DD5E /* AirplayInst */,
			);
			name = AirplayInst;
			packageProductDependencies = (
			);
			productName = AirplayInst;
			productReference = 251AD8742D4442E90082DD5E /* AirplayInst.app */;
			productType = "com.apple.product-type.application";
		};
		251AD8842D4442EA0082DD5E /* AirplayInstTests */ = {
			isa = PBXNativeTarget;
			buildConfigurationList = 251AD89C2D4442EA0082DD5E /* Build configuration list for PBXNativeTarget "AirplayInstTests" */;
			buildPhases = (
				251AD8812D4442EA0082DD5E /* Sources */,
				251AD8822D4442EA0082DD5E /* Frameworks */,
				251AD8832D4442EA0082DD5E /* Resources */,
			);
			buildRules = (
			);
			dependencies = (
				251AD8872D4442EA0082DD5E /* PBXTargetDependency */,
			);
			fileSystemSynchronizedGroups = (
				251AD8882D4442EA0082DD5E /* AirplayInstTests */,
			);
			name = AirplayInstTests;
			packageProductDependencies = (
			);
			productName = AirplayInstTests;
			productReference = 251AD8852D4442EA0082DD5E /* AirplayInstTests.xctest */;
			productType = "com.apple.product-type.bundle.unit-test";
		};
		251AD88E2D4442EA0082DD5E /* AirplayInstUITests */ = {
			isa = PBXNativeTarget;
			buildConfigurationList = 251AD89F2D4442EA0082DD5E /* Build configuration list for PBXNativeTarget "AirplayInstUITests" */;
			buildPhases = (
				251AD88B2D4442EA0082DD5E /* Sources */,
				251AD88C2D4442EA0082DD5E /* Frameworks */,
				251AD88D2D4442EA0082DD5E /* Resources */,
			);
			buildRules = (
			);
			dependencies = (
				251AD8912D4442EA0082DD5E /* PBXTargetDependency */,
			);
			fileSystemSynchronizedGroups = (
				251AD8922D4442EA0082DD5E /* AirplayInstUITests */,
			);
			name = AirplayInstUITests;
			packageProductDependencies = (
			);
			productName = AirplayInstUITests;
			productReference = 251AD88F2D4442EA0082DD5E /* AirplayInstUITests.xctest */;
			productType = "com.apple.product-type.bundle.ui-testing";
		};
/* End PBXNativeTarget section */

/* Begin PBXProject section */
		251AD86C2D4442E90082DD5E /* Project object */ = {
			isa = PBXProject;
			attributes = {
				BuildIndependentTargetsInParallel = 1;
				LastSwiftUpdateCheck = 1620;
				LastUpgradeCheck = 1620;
				TargetAttributes = {
					251AD8732D4442E90082DD5E = {
						CreatedOnToolsVersion = 16.2;
					};
					251AD8842D4442EA0082DD5E = {
						CreatedOnToolsVersion = 16.2;
						TestTargetID = 251AD8732D4442E90082DD5E;
					};
					251AD88E2D4442EA0082DD5E = {
						CreatedOnToolsVersion = 16.2;
						TestTargetID = 251AD8732D4442E90082DD5E;
					};
				};
			};
			buildConfigurationList = 251AD86F2D4442E90082DD5E /* Build configuration list for PBXProject "AirplayInst" */;
			developmentRegion = en;
			hasScannedForEncodings = 0;
			knownRegions = (
				en,
				Base,
			);
			mainGroup = 251AD86B2D4442E90082DD5E;
			minimizedProjectReferenceProxies = 1;
			preferredProjectObjectVersion = 77;
			productRefGroup = 251AD8752D4442E90082DD5E /* Products */;
			projectDirPath = "";
			projectRoot = "";
			targets = (
				251AD8732D4442E90082DD5E /* AirplayInst */,
				251AD8842D4442EA0082DD5E /* AirplayInstTests */,
				251AD88E2D4442EA0082DD5E /* AirplayInstUITests */,
			);
		};
/* End PBXProject section */

/* Begin PBXResourcesBuildPhase section */
		251AD8722D4442E90082DD5E /* Resources */ = {
			isa = PBXResourcesBuildPhase;
			buildActionMask = 2147483647;
			files = (
			);
			runOnlyForDeploymentPostprocessing = 0;
		};
		251AD8832D4442EA0082DD5E /* Resources */ = {
			isa = PBXResourcesBuildPhase;
			buildActionMask = 2147483647;
			files = (
			);
			runOnlyForDeploymentPostprocessing = 0;
		};
		251AD88D2D4442EA0082DD5E /* Resources */ = {
			isa = PBXResourcesBuildPhase;
			buildActionMask = 2147483647;
			files = (
			);
			runOnlyForDeploymentPostprocessing = 0;
		};
/* End PBXResourcesBuildPhase section */

/* Begin PBXSourcesBuildPhase section */
		251AD8702D4442E90082DD5E /* Sources */ = {
			isa = PBXSourcesBuildPhase;
			buildActionMask = 2147483647;
			files = (
			);
			runOnlyForDeploymentPostprocessing = 0;
		};
		251AD8812D4442EA0082DD5E /* Sources */ = {
			isa = PBXSourcesBuildPhase;
			buildActionMask = 2147483647;
			files = (
			);
			runOnlyForDeploymentPostprocessing = 0;
		};
		251AD88B2D4442EA0082DD5E /* Sources */ = {
			isa = PBXSourcesBuildPhase;
			buildActionMask = 2147483647;
			files = (
			);
			runOnlyForDeploymentPostprocessing = 0;
		};
/* End PBXSourcesBuildPhase section */

/* Begin PBXTargetDependency section */
		251AD8872D4442EA0082DD5E /* PBXTargetDependency */ = {
			isa = PBXTargetDependency;
			target = 251AD8732D4442E90082DD5E /* AirplayInst */;
			targetProxy = 251AD8862D4442EA0082DD5E /* PBXContainerItemProxy */;
		};
		251AD8912D4442EA0082DD5E /* PBXTargetDependency */ = {
			isa = PBXTargetDependency;
			target = 251AD8732D4442E90082DD5E /* AirplayInst */;
			targetProxy = 251AD8902D4442EA0082DD5E /* PBXContainerItemProxy */;
		};
/* End PBXTargetDependency section */

/* Begin XCBuildConfiguration section */
		251AD8972D4442EA0082DD5E /* Debug */ = {
			isa = XCBuildConfiguration;
			buildSettings = {
				ALWAYS_SEARCH_USER_PATHS = NO;
				ASSETCATALOG_COMPILER_GENERATE_SWIFT_ASSET_SYMBOL_EXTENSIONS = YES;
				CLANG_ANALYZER_NONNULL = YES;
				CLANG_ANALYZER_NUMBER_OBJECT_CONVERSION = YES_AGGRESSIVE;
				CLANG_CXX_LANGUAGE_STANDARD = "gnu++20";
				CLANG_ENABLE_MODULES = YES;
				CLANG_ENABLE_OBJC_ARC = YES;
				CLANG_ENABLE_OBJC_WEAK = YES;
				CLANG_WARN_BLOCK_CAPTURE_AUTORELEASING = YES;
				CLANG_WARN_BOOL_CONVERSION = YES;
				CLANG_WARN_COMMA = YES;
				CLANG_WARN_CONSTANT_CONVERSION = YES;
				CLANG_WARN_DEPRECATED_OBJC_IMPLEMENTATIONS = YES;
				CLANG_WARN_DIRECT_OBJC_ISA_USAGE = YES_ERROR;
				CLANG_WARN_DOCUMENTATION_COMMENTS = YES;
				CLANG_WARN_EMPTY_BODY = YES;
				CLANG_WARN_ENUM_CONVERSION = YES;
				CLANG_WARN_INFINITE_RECURSION = YES;
				CLANG_WARN_INT_CONVERSION = YES;
				CLANG_WARN_NON_LITERAL_NULL_CONVERSION = YES;
				CLANG_WARN_OBJC_IMPLICIT_RETAIN_SELF = YES;
				CLANG_WARN_OBJC_LITERAL_CONVERSION = YES;
				CLANG_WARN_OBJC_ROOT_CLASS = YES_ERROR;
				CLANG_WARN_QUOTED_INCLUDE_IN_FRAMEWORK_HEADER = YES;
				CLANG_WARN_RANGE_LOOP_ANALYSIS = YES;
				CLANG_WARN_STRICT_PROTOTYPES = YES;
				CLANG_WARN_SUSPICIOUS_MOVE = YES;
				CLANG_WARN_UNGUARDED_AVAILABILITY = YES_AGGRESSIVE;
				CLANG_WARN_UNREACHABLE_CODE = YES;
				CLANG_WARN__DUPLICATE_METHOD_MATCH = YES;
				COPY_PHASE_STRIP = NO;
				DEBUG_INFORMATION_FORMAT = dwarf;
				ENABLE_STRICT_OBJC_MSGSEND = YES;
				ENABLE_TESTABILITY = YES;
				ENABLE_USER_SCRIPT_SANDBOXING = YES;
				GCC_C_LANGUAGE_STANDARD = gnu17;
				GCC_DYNAMIC_NO_PIC = NO;
				GCC_NO_COMMON_BLOCKS = YES;
				GCC_OPTIMIZATION_LEVEL = 0;
				GCC_PREPROCESSOR_DEFINITIONS = (
					"DEBUG=1",
					"$(inherited)",
				);
				GCC_WARN_64_TO_32_BIT_CONVERSION = YES;
				GCC_WARN_ABOUT_RETURN_TYPE = YES_ERROR;
				GCC_WARN_UNDECLARED_SELECTOR = YES;
				GCC_WARN_UNINITIALIZED_AUTOS = YES_AGGRESSIVE;
				GCC_WARN_UNUSED_FUNCTION = YES;
				GCC_WARN_UNUSED_VARIABLE = YES;
				LOCALIZATION_PREFERS_STRING_CATALOGS = YES;
				MACOSX_DEPLOYMENT_TARGET = 15.0;
				MTL_ENABLE_DEBUG_INFO = INCLUDE_SOURCE;
				MTL_FAST_MATH = YES;
				ONLY_ACTIVE_ARCH = YES;
				SDKROOT = macosx;
				SWIFT_ACTIVE_COMPILATION_CONDITIONS = "DEBUG $(inherited)";
				SWIFT_OPTIMIZATION_LEVEL = "-Onone";
			};
			name = Debug;
		};
		251AD8982D4442EA0082DD5E /* Release */ = {
			isa = XCBuildConfiguration;
			buildSettings = {
				ALWAYS_SEARCH_USER_PATHS = NO;
				ASSETCATALOG_COMPILER_GENERATE_SWIFT_ASSET_SYMBOL_EXTENSIONS = YES;
				CLANG_ANALYZER_NONNULL = YES;
				CLANG_ANALYZER_NUMBER_OBJECT_CONVERSION = YES_AGGRESSIVE;
				CLANG_CXX_LANGUAGE_STANDARD = "gnu++20";
				CLANG_ENABLE_MODULES = YES;
				CLANG_ENABLE_OBJC_ARC = YES;
				CLANG_ENABLE_OBJC_WEAK = YES;
				CLANG_WARN_BLOCK_CAPTURE_AUTORELEASING = YES;
				CLANG_WARN_BOOL_CONVERSION = YES;
				CLANG_WARN_COMMA = YES;
				CLANG_WARN_CONSTANT_CONVERSION = YES;
				CLANG_WARN_DEPRECATED_OBJC_IMPLEMENTATIONS = YES;
				CLANG_WARN_DIRECT_OBJC_ISA_USAGE = YES_ERROR;
				CLANG_WARN_DOCUMENTATION_COMMENTS = YES;
				CLANG_WARN_EMPTY_BODY = YES;
				CLANG_WARN_ENUM_CONVERSION = YES;
				CLANG_WARN_INFINITE_RECURSION = YES;
				CLANG_WARN_INT_CONVERSION = YES;
				CLANG_WARN_NON_LITERAL_NULL_CONVERSION = YES;
				CLANG_WARN_OBJC_IMPLICIT_RETAIN_SELF = YES;
				CLANG_WARN_OBJC_LITERAL_CONVERSION = YES;
				CLANG_WARN_OBJC_ROOT_CLASS = YES_ERROR;
				CLANG_WARN_QUOTED_INCLUDE_IN_FRAMEWORK_HEADER = YES;
				CLANG_WARN_RANGE_LOOP_ANALYSIS = YES;
				CLANG_WARN_STRICT_PROTOTYPES = YES;
				CLANG_WARN_SUSPICIOUS_MOVE = YES;
				CLANG_WARN_UNGUARDED_AVAILABILITY = YES_AGGRESSIVE;
				CLANG_WARN_UNREACHABLE_CODE = YES;
				CLANG_WARN__DUPLICATE_METHOD_MATCH = YES;
				COPY_PHASE_STRIP = NO;
				DEBUG_INFORMATION_FORMAT = "dwarf-with-dsym";
				ENABLE_NS_ASSERTIONS = NO;
				ENABLE_STRICT_OBJC_MSGSEND = YES;
				ENABLE_USER_SCRIPT_SANDBOXING = YES;
				GCC_C_LANGUAGE_STANDARD = gnu17;
				GCC_NO_COMMON_BLOCKS = YES;
				GCC_WARN_64_TO_32_BIT_CONVERSION = YES;
				GCC_WARN_ABOUT_RETURN_TYPE = YES_ERROR;
				GCC_WARN_UNDECLARED_SELECTOR = YES;
				GCC_WARN_UNINITIALIZED_AUTOS = YES_AGGRESSIVE;
				GCC_WARN_UNUSED_FUNCTION = YES;
				GCC_WARN_UNUSED_VARIABLE = YES;
				LOCALIZATION_PREFERS_STRING_CATALOGS = YES;
				MACOSX_DEPLOYMENT_TARGET = 15.0;
				MTL_ENABLE_DEBUG_INFO = NO;
				MTL_FAST_MATH = YES;
				SDKROOT = macosx;
				SWIFT_COMPILATION_MODE = wholemodule;
			};
			name = Release;
		};
		251AD89A2D4442EA0082DD5E /* Debug */ = {
			isa = XCBuildConfiguration;
			buildSettings = {
				ASSETCATALOG_COMPILER_APPICON_NAME = AppIcon;
				ASSETCATALOG_COMPILER_GLOBAL_ACCENT_COLOR_NAME = AccentColor;
				CODE_SIGN_STYLE = Automatic;
				COMBINE_HIDPI_IMAGES = YES;
				CURRENT_PROJECT_VERSION = 1;
				DEVELOPMENT_ASSET_PATHS = "\"AirplayInst/Preview Content\"";
				ENABLE_PREVIEWS = YES;
				GENERATE_INFOPLIST_FILE = YES;
				INFOPLIST_KEY_NSHumanReadableCopyright = "";
				LD_RUNPATH_SEARCH_PATHS = (
					"$(inherited)",
					"@executable_path/../Frameworks",
				);
				MARKETING_VERSION = 1.0;
				NEW_SETTING = "";
				NEW_SETTING1 = "";
				PRODUCT_BUNDLE_IDENTIFIER = airplayinstruments.AirplayInst;
				PRODUCT_NAME = "$(TARGET_NAME)";
				SWIFT_EMIT_LOC_STRINGS = YES;
				SWIFT_VERSION = 5.0;
			};
			name = Debug;
		};
		251AD89B2D4442EA0082DD5E /* Release */ = {
			isa = XCBuildConfiguration;
			buildSettings = {
				ASSETCATALOG_COMPILER_APPICON_NAME = AppIcon;
				ASSETCATALOG_COMPILER_GLOBAL_ACCENT_COLOR_NAME = AccentColor;
				CODE_SIGN_STYLE = Automatic;
				COMBINE_HIDPI_IMAGES = YES;
				CURRENT_PROJECT_VERSION = 1;
				DEVELOPMENT_ASSET_PATHS = "\"AirplayInst/Preview Content\"";
				ENABLE_PREVIEWS = YES;
				GENERATE_INFOPLIST_FILE = YES;
				INFOPLIST_KEY_NSHumanReadableCopyright = "";
				LD_RUNPATH_SEARCH_PATHS = (
					"$(inherited)",
					"@executable_path/../Frameworks",
				);
				MARKETING_VERSION = 1.0;
				NEW_SETTING = "";
				NEW_SETTING1 = "";
				PRODUCT_BUNDLE_IDENTIFIER = airplayinstruments.AirplayInst;
				PRODUCT_NAME = "$(TARGET_NAME)";
				SWIFT_EMIT_LOC_STRINGS = YES;
				SWIFT_VERSION = 5.0;
			};
			name = Release;
		};
		251AD89D2D4442EA0082DD5E /* Debug */ = {
			isa = XCBuildConfiguration;
			buildSettings = {
				BUNDLE_LOADER = "$(TEST_HOST)";
				CODE_SIGN_STYLE = Automatic;
				CURRENT_PROJECT_VERSION = 1;
				GENERATE_INFOPLIST_FILE = YES;
				MACOSX_DEPLOYMENT_TARGET = 15.0;
				MARKETING_VERSION = 1.0;
				PRODUCT_BUNDLE_IDENTIFIER = airplayinstruments.AirplayInstTests;
				PRODUCT_NAME = "$(TARGET_NAME)";
				SWIFT_EMIT_LOC_STRINGS = NO;
				SWIFT_VERSION = 5.0;
				TEST_HOST = "$(BUILT_PRODUCTS_DIR)/AirplayInst.app/$(BUNDLE_EXECUTABLE_FOLDER_PATH)/AirplayInst";
			};
			name = Debug;
		};
		251AD89E2D4442EA0082DD5E /* Release */ = {
			isa = XCBuildConfiguration;
			buildSettings = {
				BUNDLE_LOADER = "$(TEST_HOST)";
				CODE_SIGN_STYLE = Automatic;
				CURRENT_PROJECT_VERSION = 1;
				GENERATE_INFOPLIST_FILE = YES;
				MACOSX_DEPLOYMENT_TARGET = 15.0;
				MARKETING_VERSION = 1.0;
				PRODUCT_BUNDLE_IDENTIFIER = airplayinstruments.AirplayInstTests;
				PRODUCT_NAME = "$(TARGET_NAME)";
				SWIFT_EMIT_LOC_STRINGS = NO;
				SWIFT_VERSION = 5.0;
				TEST_HOST = "$(BUILT_PRODUCTS_DIR)/AirplayInst.app/$(BUNDLE_EXECUTABLE_FOLDER_PATH)/AirplayInst";
			};
			name = Release;
		};
		251AD8A02D4442EA0082DD5E /* Debug */ = {
			isa = XCBuildConfiguration;
			buildSettings = {
				CODE_SIGN_STYLE = Automatic;
				CURRENT_PROJECT_VERSION = 1;
				GENERATE_INFOPLIST_FILE = YES;
				MARKETING_VERSION = 1.0;
				PRODUCT_BUNDLE_IDENTIFIER = airplayinstruments.AirplayInstUITests;
				PRODUCT_NAME = "$(TARGET_NAME)";
				SWIFT_EMIT_LOC_STRINGS = NO;
				SWIFT_VERSION = 5.0;
				TEST_TARGET_NAME = AirplayInst;
			};
			name = Debug;
		};
		251AD8A12D4442EA0082DD5E /* Release */ = {
			isa = XCBuildConfiguration;
			buildSettings = {
				CODE_SIGN_STYLE = Automatic;
				CURRENT_PROJECT_VERSION = 1;
				GENERATE_INFOPLIST_FILE = YES;
				MARKETING_VERSION = 1.0;
				PRODUCT_BUNDLE_IDENTIFIER = airplayinstruments.AirplayInstUITests;
				PRODUCT_NAME = "$(TARGET_NAME)";
				SWIFT_EMIT_LOC_STRINGS = NO;
				SWIFT_VERSION = 5.0;
				TEST_TARGET_NAME = AirplayInst;
			};
			name = Release;
		};
/* End XCBuildConfiguration section */

/* Begin XCConfigurationList section */
		251AD86F2D4442E90082DD5E /* Build configuration list for PBXProject "AirplayInst" */ = {
			isa = XCConfigurationList;
			buildConfigurations = (
				251AD8972D4442EA0082DD5E /* Debug */,
				251AD8982D4442EA0082DD5E /* Release */,
			);
			defaultConfigurationIsVisible = 0;
			defaultConfigurationName = Release;
		};
		251AD8992D4442EA0082DD5E /* Build configuration list for PBXNativeTarget "AirplayInst" */ = {
			isa = XCConfigurationList;
			buildConfigurations = (
				251AD89A2D4442EA0082DD5E /* Debug */,
				251AD89B2D4442EA0082DD5E /* Release */,
			);
			defaultConfigurationIsVisible = 0;
			defaultConfigurationName = Release;
		};
		251AD89C2D4442EA0082DD5E /* Build configuration list for PBXNativeTarget "AirplayInstTests" */ = {
			isa = XCConfigurationList;
			buildConfigurations = (
				251AD89D2D4442EA0082DD5E /* Debug */,
				251AD89E2D4442EA0082DD5E /* Release */,
			);
			defaultConfigurationIsVisible = 0;
			defaultConfigurationName = Release;
		};
		251AD89F2D4442EA0082DD5E /* Build configuration list for PBXNativeTarget "AirplayInstUITests" */ = {
			isa = XCConfigurationList;
			buildConfigurations = (
				251AD8A02D4442EA0082DD5E /* Debug */,
				251AD8A12D4442EA0082DD5E /* Release */,
			);
			defaultConfigurationIsVisible = 0;
			defaultConfigurationName = Release;
		};
/* End XCConfigurationList section */
	};
	rootObject = 251AD86C2D4442E90082DD5E /* Project object */;
}
